// !$*UTF8*$!
{
	archiveVersion = 1;
	classes = {
	};
	objectVersion = 56;
	objects = {

/* Begin PBXBuildFile section */
		50130D2629D9AB8700BFA6A2 /* HelpImage.swift in Sources */ = {isa = PBXBuildFile; fileRef = 50130D2529D9AB8700BFA6A2 /* HelpImage.swift */; };
		50130D2829D9B6FA00BFA6A2 /* TodaysOverview.swift in Sources */ = {isa = PBXBuildFile; fileRef = 50130D2729D9B6FA00BFA6A2 /* TodaysOverview.swift */; };
		50130D2A29D9B94300BFA6A2 /* EmotionPrevalence.swift in Sources */ = {isa = PBXBuildFile; fileRef = 50130D2929D9B94300BFA6A2 /* EmotionPrevalence.swift */; };
		50130D2C29D9BA7300BFA6A2 /* EmotionPerSentence.swift in Sources */ = {isa = PBXBuildFile; fileRef = 50130D2B29D9BA7300BFA6A2 /* EmotionPerSentence.swift */; };
		50130D2E29D9BB2D00BFA6A2 /* SentimentPerSentence.swift in Sources */ = {isa = PBXBuildFile; fileRef = 50130D2D29D9BB2D00BFA6A2 /* SentimentPerSentence.swift */; };
		5047B10C29D86C7900F6418A /* TextAnalyser.swift in Sources */ = {isa = PBXBuildFile; fileRef = 5047B10B29D86C7900F6418A /* TextAnalyser.swift */; };
		5047B10E29D86D3E00F6418A /* EmotionAnalyser.swift in Sources */ = {isa = PBXBuildFile; fileRef = 5047B10D29D86D3E00F6418A /* EmotionAnalyser.swift */; };
		5047B11129D86E2100F6418A /* SentimentAnalyser.swift in Sources */ = {isa = PBXBuildFile; fileRef = 5047B11029D86E2100F6418A /* SentimentAnalyser.swift */; };
		50484A7229D7A4880026F8FF /* Assets.xcassets in Resources */ = {isa = PBXBuildFile; fileRef = 50484A7129D7A4880026F8FF /* Assets.xcassets */; };
		50484A7529D7A4880026F8FF /* Preview Assets.xcassets in Resources */ = {isa = PBXBuildFile; fileRef = 50484A7429D7A4880026F8FF /* Preview Assets.xcassets */; };
		50BBB7E329D7A9730017FC0A /* Emotion.swift in Sources */ = {isa = PBXBuildFile; fileRef = 50BBB7DC29D7A9730017FC0A /* Emotion.swift */; };
		50BBB7E429D7A9730017FC0A /* Statistics.swift in Sources */ = {isa = PBXBuildFile; fileRef = 50BBB7DD29D7A9730017FC0A /* Statistics.swift */; };
		50BBB7E529D7A9730017FC0A /* MainScreen.swift in Sources */ = {isa = PBXBuildFile; fileRef = 50BBB7DE29D7A9730017FC0A /* MainScreen.swift */; };
		50BBB7E629D7A9730017FC0A /* TextProcessor.swift in Sources */ = {isa = PBXBuildFile; fileRef = 50BBB7DF29D7A9730017FC0A /* TextProcessor.swift */; };
		50BBB7E729D7A9730017FC0A /* CustomTextEditor.swift in Sources */ = {isa = PBXBuildFile; fileRef = 50BBB7E129D7A9730017FC0A /* CustomTextEditor.swift */; };
		50BBB7E829D7A9730017FC0A /* DiaryForm.swift in Sources */ = {isa = PBXBuildFile; fileRef = 50BBB7E229D7A9730017FC0A /* DiaryForm.swift */; };
		50BBB7EB29D7A9D80017FC0A /* Sentimentalyst.swift in Sources */ = {isa = PBXBuildFile; fileRef = 50BBB7EA29D7A9D80017FC0A /* Sentimentalyst.swift */; };
		50BBB7EF29D7C8800017FC0A /* TextClassifier.mlpackage in Sources */ = {isa = PBXBuildFile; fileRef = 50BBB7EE29D7C8800017FC0A /* TextClassifier.mlpackage */; };
		50BBB7F129D85CC50017FC0A /* EmotionUI.swift in Sources */ = {isa = PBXBuildFile; fileRef = 50BBB7F029D85CC50017FC0A /* EmotionUI.swift */; };
		50BBB7F329D85E220017FC0A /* TextDestructurer.swift in Sources */ = {isa = PBXBuildFile; fileRef = 50BBB7F229D85E220017FC0A /* TextDestructurer.swift */; };
		50CD650329DCC7A700709865 /* ImagePickerCoordinator.swift in Sources */ = {isa = PBXBuildFile; fileRef = 50CD650229DCC7A700709865 /* ImagePickerCoordinator.swift */; };
		50CD650529DCC7CA00709865 /* ImagePicker.swift in Sources */ = {isa = PBXBuildFile; fileRef = 50CD650429DCC7CA00709865 /* ImagePicker.swift */; };
		50DB36EA29DB713800758793 /* OnBoarding.swift in Sources */ = {isa = PBXBuildFile; fileRef = 50DB36E929DB713800758793 /* OnBoarding.swift */; };
/* End PBXBuildFile section */

/* Begin PBXFileReference section */
		50130D2529D9AB8700BFA6A2 /* HelpImage.swift */ = {isa = PBXFileReference; lastKnownFileType = sourcecode.swift; path = HelpImage.swift; sourceTree = "<group>"; };
		50130D2729D9B6FA00BFA6A2 /* TodaysOverview.swift */ = {isa = PBXFileReference; lastKnownFileType = sourcecode.swift; path = TodaysOverview.swift; sourceTree = "<group>"; };
		50130D2929D9B94300BFA6A2 /* EmotionPrevalence.swift */ = {isa = PBXFileReference; lastKnownFileType = sourcecode.swift; path = EmotionPrevalence.swift; sourceTree = "<group>"; };
		50130D2B29D9BA7300BFA6A2 /* EmotionPerSentence.swift */ = {isa = PBXFileReference; lastKnownFileType = sourcecode.swift; path = EmotionPerSentence.swift; sourceTree = "<group>"; };
		50130D2D29D9BB2D00BFA6A2 /* SentimentPerSentence.swift */ = {isa = PBXFileReference; lastKnownFileType = sourcecode.swift; path = SentimentPerSentence.swift; sourceTree = "<group>"; };
		5047B10B29D86C7900F6418A /* TextAnalyser.swift */ = {isa = PBXFileReference; lastKnownFileType = sourcecode.swift; path = TextAnalyser.swift; sourceTree = "<group>"; };
		5047B10D29D86D3E00F6418A /* EmotionAnalyser.swift */ = {isa = PBXFileReference; lastKnownFileType = sourcecode.swift; path = EmotionAnalyser.swift; sourceTree = "<group>"; };
		5047B11029D86E2100F6418A /* SentimentAnalyser.swift */ = {isa = PBXFileReference; lastKnownFileType = sourcecode.swift; path = SentimentAnalyser.swift; sourceTree = "<group>"; };
		50484A6A29D7A4840026F8FF /* Sentimentalyst.app */ = {isa = PBXFileReference; explicitFileType = wrapper.application; includeInIndex = 0; path = Sentimentalyst.app; sourceTree = BUILT_PRODUCTS_DIR; };
		50484A7129D7A4880026F8FF /* Assets.xcassets */ = {isa = PBXFileReference; lastKnownFileType = folder.assetcatalog; path = Assets.xcassets; sourceTree = "<group>"; };
		50484A7429D7A4880026F8FF /* Preview Assets.xcassets */ = {isa = PBXFileReference; lastKnownFileType = folder.assetcatalog; path = "Preview Assets.xcassets"; sourceTree = "<group>"; };
		50BBB7DC29D7A9730017FC0A /* Emotion.swift */ = {isa = PBXFileReference; lastKnownFileType = sourcecode.swift; path = Emotion.swift; sourceTree = "<group>"; };
		50BBB7DD29D7A9730017FC0A /* Statistics.swift */ = {isa = PBXFileReference; lastKnownFileType = sourcecode.swift; path = Statistics.swift; sourceTree = "<group>"; };
		50BBB7DE29D7A9730017FC0A /* MainScreen.swift */ = {isa = PBXFileReference; lastKnownFileType = sourcecode.swift; path = MainScreen.swift; sourceTree = "<group>"; };
		50BBB7DF29D7A9730017FC0A /* TextProcessor.swift */ = {isa = PBXFileReference; lastKnownFileType = sourcecode.swift; path = TextProcessor.swift; sourceTree = "<group>"; };
		50BBB7E129D7A9730017FC0A /* CustomTextEditor.swift */ = {isa = PBXFileReference; lastKnownFileType = sourcecode.swift; path = CustomTextEditor.swift; sourceTree = "<group>"; };
		50BBB7E229D7A9730017FC0A /* DiaryForm.swift */ = {isa = PBXFileReference; lastKnownFileType = sourcecode.swift; path = DiaryForm.swift; sourceTree = "<group>"; };
		50BBB7EA29D7A9D80017FC0A /* Sentimentalyst.swift */ = {isa = PBXFileReference; lastKnownFileType = sourcecode.swift; path = Sentimentalyst.swift; sourceTree = "<group>"; };
		50BBB7EE29D7C8800017FC0A /* TextClassifier.mlpackage */ = {isa = PBXFileReference; lastKnownFileType = folder.mlpackage; path = TextClassifier.mlpackage; sourceTree = "<group>"; };
		50BBB7F029D85CC50017FC0A /* EmotionUI.swift */ = {isa = PBXFileReference; lastKnownFileType = sourcecode.swift; path = EmotionUI.swift; sourceTree = "<group>"; };
		50BBB7F229D85E220017FC0A /* TextDestructurer.swift */ = {isa = PBXFileReference; lastKnownFileType = sourcecode.swift; path = TextDestructurer.swift; sourceTree = "<group>"; };
		50CD650229DCC7A700709865 /* ImagePickerCoordinator.swift */ = {isa = PBXFileReference; lastKnownFileType = sourcecode.swift; path = ImagePickerCoordinator.swift; sourceTree = "<group>"; };
		50CD650429DCC7CA00709865 /* ImagePicker.swift */ = {isa = PBXFileReference; lastKnownFileType = sourcecode.swift; path = ImagePicker.swift; sourceTree = "<group>"; };
		50CD650629DCCC2700709865 /* Info.plist */ = {isa = PBXFileReference; lastKnownFileType = text.plist; path = Info.plist; sourceTree = "<group>"; };
		50DB36E929DB713800758793 /* OnBoarding.swift */ = {isa = PBXFileReference; lastKnownFileType = sourcecode.swift; path = OnBoarding.swift; sourceTree = "<group>"; };
/* End PBXFileReference section */

/* Begin PBXFrameworksBuildPhase section */
		50484A6729D7A4840026F8FF /* Frameworks */ = {
			isa = PBXFrameworksBuildPhase;
			buildActionMask = 2147483647;
			files = (
			);
			runOnlyForDeploymentPostprocessing = 0;
		};
/* End PBXFrameworksBuildPhase section */

/* Begin PBXGroup section */
		50130D2429D9AB7700BFA6A2 /* Views */ = {
			isa = PBXGroup;
			children = (
				50130D2529D9AB8700BFA6A2 /* HelpImage.swift */,
			);
			path = Views;
			sourceTree = "<group>";
		};
		5047B10F29D86D4500F6418A /* Text Processing */ = {
			isa = PBXGroup;
			children = (
				50BBB7F229D85E220017FC0A /* TextDestructurer.swift */,
				5047B10B29D86C7900F6418A /* TextAnalyser.swift */,
				5047B10D29D86D3E00F6418A /* EmotionAnalyser.swift */,
				5047B11029D86E2100F6418A /* SentimentAnalyser.swift */,
			);
			path = "Text Processing";
			sourceTree = "<group>";
		};
		50484A6129D7A4840026F8FF = {
			isa = PBXGroup;
			children = (
				50484A6C29D7A4840026F8FF /* Sentimentalyst */,
				50484A6B29D7A4840026F8FF /* Products */,
			);
			sourceTree = "<group>";
		};
		50484A6B29D7A4840026F8FF /* Products */ = {
			isa = PBXGroup;
			children = (
				50484A6A29D7A4840026F8FF /* Sentimentalyst.app */,
			);
			name = Products;
			sourceTree = "<group>";
		};
		50484A6C29D7A4840026F8FF /* Sentimentalyst */ = {
			isa = PBXGroup;
			children = (
				50CD650629DCCC2700709865 /* Info.plist */,
				50130D2429D9AB7700BFA6A2 /* Views */,
				50C557D429D90182004AE97B /* Charts */,
				5047B10F29D86D4500F6418A /* Text Processing */,
				50BBB7EA29D7A9D80017FC0A /* Sentimentalyst.swift */,
				50BBB7E129D7A9730017FC0A /* CustomTextEditor.swift */,
				50BBB7E229D7A9730017FC0A /* DiaryForm.swift */,
				50BBB7DC29D7A9730017FC0A /* Emotion.swift */,
				50BBB7DE29D7A9730017FC0A /* MainScreen.swift */,
				50BBB7DD29D7A9730017FC0A /* Statistics.swift */,
				50BBB7DF29D7A9730017FC0A /* TextProcessor.swift */,
				50BBB7F029D85CC50017FC0A /* EmotionUI.swift */,
				50DB36E929DB713800758793 /* OnBoarding.swift */,
				50484A7129D7A4880026F8FF /* Assets.xcassets */,
				50BBB7EE29D7C8800017FC0A /* TextClassifier.mlpackage */,
				50484A7329D7A4880026F8FF /* Preview Content */,
				50CD650229DCC7A700709865 /* ImagePickerCoordinator.swift */,
				50CD650429DCC7CA00709865 /* ImagePicker.swift */,
			);
			path = Sentimentalyst;
			sourceTree = "<group>";
		};
		50484A7329D7A4880026F8FF /* Preview Content */ = {
			isa = PBXGroup;
			children = (
				50484A7429D7A4880026F8FF /* Preview Assets.xcassets */,
			);
			path = "Preview Content";
			sourceTree = "<group>";
		};
		50C557D429D90182004AE97B /* Charts */ = {
			isa = PBXGroup;
			children = (
				50130D2729D9B6FA00BFA6A2 /* TodaysOverview.swift */,
				50130D2929D9B94300BFA6A2 /* EmotionPrevalence.swift */,
				50130D2B29D9BA7300BFA6A2 /* EmotionPerSentence.swift */,
				50130D2D29D9BB2D00BFA6A2 /* SentimentPerSentence.swift */,
			);
			path = Charts;
			sourceTree = "<group>";
		};
/* End PBXGroup section */

/* Begin PBXNativeTarget section */
		50484A6929D7A4840026F8FF /* Sentimentalyst */ = {
			isa = PBXNativeTarget;
			buildConfigurationList = 50484A7829D7A4880026F8FF /* Build configuration list for PBXNativeTarget "Sentimentalyst" */;
			buildPhases = (
				50484A6629D7A4840026F8FF /* Sources */,
				50484A6729D7A4840026F8FF /* Frameworks */,
				50484A6829D7A4840026F8FF /* Resources */,
			);
			buildRules = (
			);
			dependencies = (
			);
			name = Sentimentalyst;
			productName = Sentimentalyst;
			productReference = 50484A6A29D7A4840026F8FF /* Sentimentalyst.app */;
			productType = "com.apple.product-type.application";
		};
/* End PBXNativeTarget section */

/* Begin PBXProject section */
		50484A6229D7A4840026F8FF /* Project object */ = {
			isa = PBXProject;
			attributes = {
				BuildIndependentTargetsInParallel = 1;
				LastSwiftUpdateCheck = 1400;
				LastUpgradeCheck = 1400;
				TargetAttributes = {
					50484A6929D7A4840026F8FF = {
						CreatedOnToolsVersion = 14.0;
					};
				};
			};
			buildConfigurationList = 50484A6529D7A4840026F8FF /* Build configuration list for PBXProject "Sentimentalyst" */;
			compatibilityVersion = "Xcode 14.0";
			developmentRegion = en;
			hasScannedForEncodings = 0;
			knownRegions = (
				en,
				Base,
			);
			mainGroup = 50484A6129D7A4840026F8FF;
			productRefGroup = 50484A6B29D7A4840026F8FF /* Products */;
			projectDirPath = "";
			projectRoot = "";
			targets = (
				50484A6929D7A4840026F8FF /* Sentimentalyst */,
			);
		};
/* End PBXProject section */

/* Begin PBXResourcesBuildPhase section */
		50484A6829D7A4840026F8FF /* Resources */ = {
			isa = PBXResourcesBuildPhase;
			buildActionMask = 2147483647;
			files = (
				50484A7529D7A4880026F8FF /* Preview Assets.xcassets in Resources */,
				50484A7229D7A4880026F8FF /* Assets.xcassets in Resources */,
			);
			runOnlyForDeploymentPostprocessing = 0;
		};
/* End PBXResourcesBuildPhase section */

/* Begin PBXSourcesBuildPhase section */
		50484A6629D7A4840026F8FF /* Sources */ = {
			isa = PBXSourcesBuildPhase;
			buildActionMask = 2147483647;
			files = (
				5047B10C29D86C7900F6418A /* TextAnalyser.swift in Sources */,
				50130D2A29D9B94300BFA6A2 /* EmotionPrevalence.swift in Sources */,
				50130D2629D9AB8700BFA6A2 /* HelpImage.swift in Sources */,
				50CD650529DCC7CA00709865 /* ImagePicker.swift in Sources */,
				50BBB7E329D7A9730017FC0A /* Emotion.swift in Sources */,
				50CD650329DCC7A700709865 /* ImagePickerCoordinator.swift in Sources */,
				50BBB7EF29D7C8800017FC0A /* TextClassifier.mlpackage in Sources */,
				50BBB7E429D7A9730017FC0A /* Statistics.swift in Sources */,
				50BBB7E529D7A9730017FC0A /* MainScreen.swift in Sources */,
				50DB36EA29DB713800758793 /* OnBoarding.swift in Sources */,
				50BBB7EB29D7A9D80017FC0A /* Sentimentalyst.swift in Sources */,
				5047B10E29D86D3E00F6418A /* EmotionAnalyser.swift in Sources */,
				50BBB7E629D7A9730017FC0A /* TextProcessor.swift in Sources */,
				50130D2829D9B6FA00BFA6A2 /* TodaysOverview.swift in Sources */,
				50BBB7F329D85E220017FC0A /* TextDestructurer.swift in Sources */,
				50130D2E29D9BB2D00BFA6A2 /* SentimentPerSentence.swift in Sources */,
				50BBB7E729D7A9730017FC0A /* CustomTextEditor.swift in Sources */,
				50BBB7F129D85CC50017FC0A /* EmotionUI.swift in Sources */,
				5047B11129D86E2100F6418A /* SentimentAnalyser.swift in Sources */,
				50130D2C29D9BA7300BFA6A2 /* EmotionPerSentence.swift in Sources */,
				50BBB7E829D7A9730017FC0A /* DiaryForm.swift in Sources */,
			);
			runOnlyForDeploymentPostprocessing = 0;
		};
/* End PBXSourcesBuildPhase section */

/* Begin XCBuildConfiguration section */
		50484A7629D7A4880026F8FF /* Debug */ = {
			isa = XCBuildConfiguration;
			buildSettings = {
				ALWAYS_SEARCH_USER_PATHS = NO;
				CLANG_ANALYZER_NONNULL = YES;
				CLANG_ANALYZER_NUMBER_OBJECT_CONVERSION = YES_AGGRESSIVE;
				CLANG_CXX_LANGUAGE_STANDARD = "gnu++20";
				CLANG_ENABLE_MODULES = YES;
				CLANG_ENABLE_OBJC_ARC = YES;
				CLANG_ENABLE_OBJC_WEAK = YES;
				CLANG_WARN_BLOCK_CAPTURE_AUTORELEASING = YES;
				CLANG_WARN_BOOL_CONVERSION = YES;
				CLANG_WARN_COMMA = YES;
				CLANG_WARN_CONSTANT_CONVERSION = YES;
				CLANG_WARN_DEPRECATED_OBJC_IMPLEMENTATIONS = YES;
				CLANG_WARN_DIRECT_OBJC_ISA_USAGE = YES_ERROR;
				CLANG_WARN_DOCUMENTATION_COMMENTS = YES;
				CLANG_WARN_EMPTY_BODY = YES;
				CLANG_WARN_ENUM_CONVERSION = YES;
				CLANG_WARN_INFINITE_RECURSION = YES;
				CLANG_WARN_INT_CONVERSION = YES;
				CLANG_WARN_NON_LITERAL_NULL_CONVERSION = YES;
				CLANG_WARN_OBJC_IMPLICIT_RETAIN_SELF = YES;
				CLANG_WARN_OBJC_LITERAL_CONVERSION = YES;
				CLANG_WARN_OBJC_ROOT_CLASS = YES_ERROR;
				CLANG_WARN_QUOTED_INCLUDE_IN_FRAMEWORK_HEADER = YES;
				CLANG_WARN_RANGE_LOOP_ANALYSIS = YES;
				CLANG_WARN_STRICT_PROTOTYPES = YES;
				CLANG_WARN_SUSPICIOUS_MOVE = YES;
				CLANG_WARN_UNGUARDED_AVAILABILITY = YES_AGGRESSIVE;
				CLANG_WARN_UNREACHABLE_CODE = YES;
				CLANG_WARN__DUPLICATE_METHOD_MATCH = YES;
				COPY_PHASE_STRIP = NO;
				DEBUG_INFORMATION_FORMAT = dwarf;
				ENABLE_STRICT_OBJC_MSGSEND = YES;
				ENABLE_TESTABILITY = YES;
				GCC_C_LANGUAGE_STANDARD = gnu11;
				GCC_DYNAMIC_NO_PIC = NO;
				GCC_NO_COMMON_BLOCKS = YES;
				GCC_OPTIMIZATION_LEVEL = 0;
				GCC_PREPROCESSOR_DEFINITIONS = (
					"DEBUG=1",
					"$(inherited)",
				);
				GCC_WARN_64_TO_32_BIT_CONVERSION = YES;
				GCC_WARN_ABOUT_RETURN_TYPE = YES_ERROR;
				GCC_WARN_UNDECLARED_SELECTOR = YES;
				GCC_WARN_UNINITIALIZED_AUTOS = YES_AGGRESSIVE;
				GCC_WARN_UNUSED_FUNCTION = YES;
				GCC_WARN_UNUSED_VARIABLE = YES;
				IPHONEOS_DEPLOYMENT_TARGET = 16.0;
				MTL_ENABLE_DEBUG_INFO = INCLUDE_SOURCE;
				MTL_FAST_MATH = YES;
				ONLY_ACTIVE_ARCH = YES;
				SDKROOT = iphoneos;
				SWIFT_ACTIVE_COMPILATION_CONDITIONS = DEBUG;
				SWIFT_OPTIMIZATION_LEVEL = "-Onone";
			};
			name = Debug;
		};
		50484A7729D7A4880026F8FF /* Release */ = {
			isa = XCBuildConfiguration;
			buildSettings = {
				ALWAYS_SEARCH_USER_PATHS = NO;
				CLANG_ANALYZER_NONNULL = YES;
				CLANG_ANALYZER_NUMBER_OBJECT_CONVERSION = YES_AGGRESSIVE;
				CLANG_CXX_LANGUAGE_STANDARD = "gnu++20";
				CLANG_ENABLE_MODULES = YES;
				CLANG_ENABLE_OBJC_ARC = YES;
				CLANG_ENABLE_OBJC_WEAK = YES;
				CLANG_WARN_BLOCK_CAPTURE_AUTORELEASING = YES;
				CLANG_WARN_BOOL_CONVERSION = YES;
				CLANG_WARN_COMMA = YES;
				CLANG_WARN_CONSTANT_CONVERSION = YES;
				CLANG_WARN_DEPRECATED_OBJC_IMPLEMENTATIONS = YES;
				CLANG_WARN_DIRECT_OBJC_ISA_USAGE = YES_ERROR;
				CLANG_WARN_DOCUMENTATION_COMMENTS = YES;
				CLANG_WARN_EMPTY_BODY = YES;
				CLANG_WARN_ENUM_CONVERSION = YES;
				CLANG_WARN_INFINITE_RECURSION = YES;
				CLANG_WARN_INT_CONVERSION = YES;
				CLANG_WARN_NON_LITERAL_NULL_CONVERSION = YES;
				CLANG_WARN_OBJC_IMPLICIT_RETAIN_SELF = YES;
				CLANG_WARN_OBJC_LITERAL_CONVERSION = YES;
				CLANG_WARN_OBJC_ROOT_CLASS = YES_ERROR;
				CLANG_WARN_QUOTED_INCLUDE_IN_FRAMEWORK_HEADER = YES;
				CLANG_WARN_RANGE_LOOP_ANALYSIS = YES;
				CLANG_WARN_STRICT_PROTOTYPES = YES;
				CLANG_WARN_SUSPICIOUS_MOVE = YES;
				CLANG_WARN_UNGUARDED_AVAILABILITY = YES_AGGRESSIVE;
				CLANG_WARN_UNREACHABLE_CODE = YES;
				CLANG_WARN__DUPLICATE_METHOD_MATCH = YES;
				COPY_PHASE_STRIP = NO;
				DEBUG_INFORMATION_FORMAT = "dwarf-with-dsym";
				ENABLE_NS_ASSERTIONS = NO;
				ENABLE_STRICT_OBJC_MSGSEND = YES;
				GCC_C_LANGUAGE_STANDARD = gnu11;
				GCC_NO_COMMON_BLOCKS = YES;
				GCC_WARN_64_TO_32_BIT_CONVERSION = YES;
				GCC_WARN_ABOUT_RETURN_TYPE = YES_ERROR;
				GCC_WARN_UNDECLARED_SELECTOR = YES;
				GCC_WARN_UNINITIALIZED_AUTOS = YES_AGGRESSIVE;
				GCC_WARN_UNUSED_FUNCTION = YES;
				GCC_WARN_UNUSED_VARIABLE = YES;
				IPHONEOS_DEPLOYMENT_TARGET = 16.0;
				MTL_ENABLE_DEBUG_INFO = NO;
				MTL_FAST_MATH = YES;
				SDKROOT = iphoneos;
				SWIFT_COMPILATION_MODE = wholemodule;
				SWIFT_OPTIMIZATION_LEVEL = "-O";
				VALIDATE_PRODUCT = YES;
			};
			name = Release;
		};
		50484A7929D7A4880026F8FF /* Debug */ = {
			isa = XCBuildConfiguration;
			buildSettings = {
				ASSETCATALOG_COMPILER_APPICON_NAME = AppIcon;
				ASSETCATALOG_COMPILER_GLOBAL_ACCENT_COLOR_NAME = AccentColor;
				CODE_SIGN_STYLE = Automatic;
				CURRENT_PROJECT_VERSION = 1;
				DEVELOPMENT_ASSET_PATHS = "\"Sentimentalyst/Preview Content\"";
				DEVELOPMENT_TEAM = 3FD587963T;
				ENABLE_PREVIEWS = YES;
				GENERATE_INFOPLIST_FILE = YES;
				INFOPLIST_FILE = Sentimentalyst/Info.plist;
				INFOPLIST_KEY_UIApplicationSceneManifest_Generation = YES;
				INFOPLIST_KEY_UIApplicationSupportsIndirectInputEvents = YES;
				INFOPLIST_KEY_UILaunchScreen_Generation = YES;
				INFOPLIST_KEY_UISupportedInterfaceOrientations_iPad = "UIInterfaceOrientationPortrait UIInterfaceOrientationPortraitUpsideDown UIInterfaceOrientationLandscapeLeft UIInterfaceOrientationLandscapeRight";
				INFOPLIST_KEY_UISupportedInterfaceOrientations_iPhone = "UIInterfaceOrientationPortrait UIInterfaceOrientationLandscapeLeft UIInterfaceOrientationLandscapeRight";
				LD_RUNPATH_SEARCH_PATHS = (
					"$(inherited)",
					"@executable_path/Frameworks",
				);
				MARKETING_VERSION = 1.0;
				PRODUCT_BUNDLE_IDENTIFIER = dev.jakedavies.Sentimentalyst;
				PRODUCT_NAME = "$(TARGET_NAME)";
				SWIFT_EMIT_LOC_STRINGS = YES;
				SWIFT_VERSION = 5.0;
				TARGETED_DEVICE_FAMILY = "1,2";
			};
			name = Debug;
		};
		50484A7A29D7A4880026F8FF /* Release */ = {
			isa = XCBuildConfiguration;
			buildSettings = {
				ASSETCATALOG_COMPILER_APPICON_NAME = AppIcon;
				ASSETCATALOG_COMPILER_GLOBAL_ACCENT_COLOR_NAME = AccentColor;
				CODE_SIGN_STYLE = Automatic;
				CURRENT_PROJECT_VERSION = 1;
				DEVELOPMENT_ASSET_PATHS = "\"Sentimentalyst/Preview Content\"";
				DEVELOPMENT_TEAM = 3FD587963T;
				ENABLE_PREVIEWS = YES;
				GENERATE_INFOPLIST_FILE = YES;
				INFOPLIST_FILE = Sentimentalyst/Info.plist;
				INFOPLIST_KEY_UIApplicationSceneManifest_Generation = YES;
				INFOPLIST_KEY_UIApplicationSupportsIndirectInputEvents = YES;
				INFOPLIST_KEY_UILaunchScreen_Generation = YES;
				INFOPLIST_KEY_UISupportedInterfaceOrientations_iPad = "UIInterfaceOrientationPortrait UIInterfaceOrientationPortraitUpsideDown UIInterfaceOrientationLandscapeLeft UIInterfaceOrientationLandscapeRight";
				INFOPLIST_KEY_UISupportedInterfaceOrientations_iPhone = "UIInterfaceOrientationPortrait UIInterfaceOrientationLandscapeLeft UIInterfaceOrientationLandscapeRight";
				LD_RUNPATH_SEARCH_PATHS = (
					"$(inherited)",
					"@executable_path/Frameworks",
				);
				MARKETING_VERSION = 1.0;
				PRODUCT_BUNDLE_IDENTIFIER = dev.jakedavies.Sentimentalyst;
				PRODUCT_NAME = "$(TARGET_NAME)";
				SWIFT_EMIT_LOC_STRINGS = YES;
				SWIFT_VERSION = 5.0;
				TARGETED_DEVICE_FAMILY = "1,2";
			};
			name = Release;
		};
/* End XCBuildConfiguration section */

/* Begin XCConfigurationList section */
		50484A6529D7A4840026F8FF /* Build configuration list for PBXProject "Sentimentalyst" */ = {
			isa = XCConfigurationList;
			buildConfigurations = (
				50484A7629D7A4880026F8FF /* Debug */,
				50484A7729D7A4880026F8FF /* Release */,
			);
			defaultConfigurationIsVisible = 0;
			defaultConfigurationName = Release;
		};
		50484A7829D7A4880026F8FF /* Build configuration list for PBXNativeTarget "Sentimentalyst" */ = {
			isa = XCConfigurationList;
			buildConfigurations = (
				50484A7929D7A4880026F8FF /* Debug */,
				50484A7A29D7A4880026F8FF /* Release */,
			);
			defaultConfigurationIsVisible = 0;
			defaultConfigurationName = Release;
		};
/* End XCConfigurationList section */
	};
	rootObject = 50484A6229D7A4840026F8FF /* Project object */;
}
